<?xml version="1.0" encoding="utf-8"?>
<Project ToolsVersion="4.0" xmlns="http://schemas.microsoft.com/developer/msbuild/2003">
  <ItemGroup>
    <ClCompile Include="source\vector\vector2.cpp">
      <Filter>vector</Filter>
    </ClCompile>
    <ClCompile Include="source\vector\vector2UnitTest.cpp">
      <Filter>vector</Filter>
    </ClCompile>
    <ClCompile Include="source\main.cpp" />
    <ClCompile Include="source\vector\vector3.cpp">
      <Filter>vector</Filter>
    </ClCompile>
  </ItemGroup>
  <ItemGroup>
    <Filter Include="vector">
      <UniqueIdentifier>{d7fd66f7-de3b-4d49-9b18-a9579d7f7c6c}</UniqueIdentifier>
    </Filter>
    <Filter Include="quaternion">
      <UniqueIdentifier>{377aa67b-4a32-4d01-b32b-4c93b487e81c}</UniqueIdentifier>
    </Filter>
    <Filter Include="matrix">
      <UniqueIdentifier>{460afcea-6ba5-484d-b2c0-2791c4e3a6cb}</UniqueIdentifier>
    </Filter>
    <Filter Include="utility">
      <UniqueIdentifier>{0dce76ac-d62f-448d-87ec-60629edb835a}</UniqueIdentifier>
    </Filter>
  </ItemGroup>
  <ItemGroup>
    <ClInclude Include="source\vector\vector2.h">
      <Filter>vector</Filter>
    </ClInclude>
    <ClInclude Include="source\vector\vector2UnitTest.h">
      <Filter>vector</Filter>
    </ClInclude>
    <ClInclude Include="source\utility\mathUtility.h">
      <Filter>utility</Filter>
    </ClInclude>
    <ClInclude Include="source\vector\vector3.h">
      <Filter>vector</Filter>
    </ClInclude>
  </ItemGroup>
</Project>